
Microsoft Visual Studio Solution File, Format Version 12.00
# Visual Studio Version 16
VisualStudioVersion = 16.0.29409.12
MinimumVisualStudioVersion = 10.0.40219.1
Project("{2150E333-8FDC-42A3-9474-1A3956D46DE8}") = "sample", "sample", "{95164A72-4948-4EB5-A2FE-5559AE3F749F}"
EndProject
Project("{2150E333-8FDC-42A3-9474-1A3956D46DE8}") = "providers", "providers", "{AE625C66-299C-462B-8C62-D62ECA852DFB}"
EndProject
Project("{2150E333-8FDC-42A3-9474-1A3956D46DE8}") = "storages", "storages", "{91D64E0B-439C-49BF-865B-063A727831ED}"
EndProject
Project("{2150E333-8FDC-42A3-9474-1A3956D46DE8}") = "templating", "templating", "{04680017-340E-4BAB-AFC2-DA3358141384}"
EndProject
Project("{9A19103F-16F7-4668-BE54-9A1E7A4F7556}") = "Desyco.Notification", "src\Notification\Desyco.Notification.csproj", "{74806139-37C5-4D56-8C30-F43383721D68}"
EndProject
Project("{9A19103F-16F7-4668-BE54-9A1E7A4F7556}") = "Desyco.Notification.MailKit", "src\smtpclients\Notification.MailKit\Desyco.Notification.MailKit.csproj", "{9CA15502-5723-41A2-9833-F876977AFADE}"
EndProject
Project("{9A19103F-16F7-4668-BE54-9A1E7A4F7556}") = "Desyco.T5Templating", "src\templating\Desyco.T5Templating\Desyco.T5Templating.csproj", "{E25272E9-703B-4495-9CCB-6EFAE1FCB083}"
EndProject
Project("{9A19103F-16F7-4668-BE54-9A1E7A4F7556}") = "Desyco.Notification.T5Templating", "src\templating\Notification.T5Templating\Desyco.Notification.T5Templating.csproj", "{912B2461-EF6C-4303-8AA0-4E0DA7DF648D}"
EndProject
Project("{9A19103F-16F7-4668-BE54-9A1E7A4F7556}") = "Desyco.Notification.EntityFramework", "src\storages\Notification.EntityFramework\Desyco.Notification.EntityFramework.csproj", "{C202106B-958A-401D-97AA-125AC3B880DA}"
EndProject
Project("{9A19103F-16F7-4668-BE54-9A1E7A4F7556}") = "Desyco.Notification.SqlServerStorage", "src\storages\Notification.SqlServerStorage\Desyco.Notification.SqlServerStorage.csproj", "{476FE72F-98CE-4D94-9871-FB84C9C2C6C1}"
EndProject
Project("{9A19103F-16F7-4668-BE54-9A1E7A4F7556}") = "Desyco.Notification.MailJet", "src\emailproviders\Notification.MailJet\Desyco.Notification.MailJet.csproj", "{0B8E46B7-C18A-4C20-9507-77C56AFDFAB6}"
EndProject
Project("{9A19103F-16F7-4668-BE54-9A1E7A4F7556}") = "Desyco.Notification.SendGridProvider", "src\emailproviders\Notification.SendGridProvider\Desyco.Notification.SendGridProvider.csproj", "{AA554466-EBE8-422D-BA9A-7CBAEA64927F}"
EndProject
Project("{9A19103F-16F7-4668-BE54-9A1E7A4F7556}") = "Desyco.Notification.TwilioSms", "src\emailproviders\Notification.Twilio\Desyco.Notification.TwilioSms.csproj", "{E63F82D9-C02B-40F0-8A08-825FD44EA5F4}"
EndProject
Project("{FAE04EC0-301F-11D3-BF4B-00C04F79EFBC}") = "NetFramework461", "src\samples\NetFramework461\NetFramework461.csproj", "{C778DBF4-ABA7-41BE-AF75-5FB5CD40797C}"
EndProject
Project("{9A19103F-16F7-4668-BE54-9A1E7A4F7556}") = "WebNotifier", "src\samples\WebNotifier\WebNotifier.csproj", "{884FF635-61E4-436F-8231-0BF5AC3221DA}"
EndProject
Project("{9A19103F-16F7-4668-BE54-9A1E7A4F7556}") = "Desyco.Notification.DependencyInjection", "src\Notification.DependencyInjection\Desyco.Notification.DependencyInjection.csproj", "{8459E5C6-340E-4560-B86C-0D29BCBF7A3E}"
EndProject
Global
	GlobalSection(SolutionConfigurationPlatforms) = preSolution
		Debug|Any CPU = Debug|Any CPU
		Release|Any CPU = Release|Any CPU
	EndGlobalSection
	GlobalSection(ProjectConfigurationPlatforms) = postSolution
		{74806139-37C5-4D56-8C30-F43383721D68}.Debug|Any CPU.ActiveCfg = Debug|Any CPU
		{74806139-37C5-4D56-8C30-F43383721D68}.Debug|Any CPU.Build.0 = Debug|Any CPU
		{74806139-37C5-4D56-8C30-F43383721D68}.Release|Any CPU.ActiveCfg = Release|Any CPU
		{74806139-37C5-4D56-8C30-F43383721D68}.Release|Any CPU.Build.0 = Release|Any CPU
		{9CA15502-5723-41A2-9833-F876977AFADE}.Debug|Any CPU.ActiveCfg = Debug|Any CPU
		{9CA15502-5723-41A2-9833-F876977AFADE}.Debug|Any CPU.Build.0 = Debug|Any CPU
		{9CA15502-5723-41A2-9833-F876977AFADE}.Release|Any CPU.ActiveCfg = Release|Any CPU
		{9CA15502-5723-41A2-9833-F876977AFADE}.Release|Any CPU.Build.0 = Release|Any CPU
		{E25272E9-703B-4495-9CCB-6EFAE1FCB083}.Debug|Any CPU.ActiveCfg = Debug|Any CPU
		{E25272E9-703B-4495-9CCB-6EFAE1FCB083}.Debug|Any CPU.Build.0 = Debug|Any CPU
		{E25272E9-703B-4495-9CCB-6EFAE1FCB083}.Release|Any CPU.ActiveCfg = Release|Any CPU
		{E25272E9-703B-4495-9CCB-6EFAE1FCB083}.Release|Any CPU.Build.0 = Release|Any CPU
		{912B2461-EF6C-4303-8AA0-4E0DA7DF648D}.Debug|Any CPU.ActiveCfg = Debug|Any CPU
		{912B2461-EF6C-4303-8AA0-4E0DA7DF648D}.Debug|Any CPU.Build.0 = Debug|Any CPU
		{912B2461-EF6C-4303-8AA0-4E0DA7DF648D}.Release|Any CPU.ActiveCfg = Release|Any CPU
		{912B2461-EF6C-4303-8AA0-4E0DA7DF648D}.Release|Any CPU.Build.0 = Release|Any CPU
		{C202106B-958A-401D-97AA-125AC3B880DA}.Debug|Any CPU.ActiveCfg = Debug|Any CPU
		{C202106B-958A-401D-97AA-125AC3B880DA}.Debug|Any CPU.Build.0 = Debug|Any CPU
		{C202106B-958A-401D-97AA-125AC3B880DA}.Release|Any CPU.ActiveCfg = Release|Any CPU
		{C202106B-958A-401D-97AA-125AC3B880DA}.Release|Any CPU.Build.0 = Release|Any CPU
		{476FE72F-98CE-4D94-9871-FB84C9C2C6C1}.Debug|Any CPU.ActiveCfg = Debug|Any CPU
		{476FE72F-98CE-4D94-9871-FB84C9C2C6C1}.Debug|Any CPU.Build.0 = Debug|Any CPU
		{476FE72F-98CE-4D94-9871-FB84C9C2C6C1}.Release|Any CPU.ActiveCfg = Release|Any CPU
		{476FE72F-98CE-4D94-9871-FB84C9C2C6C1}.Release|Any CPU.Build.0 = Release|Any CPU
		{0B8E46B7-C18A-4C20-9507-77C56AFDFAB6}.Debug|Any CPU.ActiveCfg = Debug|Any CPU
		{0B8E46B7-C18A-4C20-9507-77C56AFDFAB6}.Debug|Any CPU.Build.0 = Debug|Any CPU
		{0B8E46B7-C18A-4C20-9507-77C56AFDFAB6}.Release|Any CPU.ActiveCfg = Release|Any CPU
		{0B8E46B7-C18A-4C20-9507-77C56AFDFAB6}.Release|Any CPU.Build.0 = Release|Any CPU
		{AA554466-EBE8-422D-BA9A-7CBAEA64927F}.Debug|Any CPU.ActiveCfg = Debug|Any CPU
		{AA554466-EBE8-422D-BA9A-7CBAEA64927F}.Debug|Any CPU.Build.0 = Debug|Any CPU
		{AA554466-EBE8-422D-BA9A-7CBAEA64927F}.Release|Any CPU.ActiveCfg = Release|Any CPU
		{AA554466-EBE8-422D-BA9A-7CBAEA64927F}.Release|Any CPU.Build.0 = Release|Any CPU
		{E63F82D9-C02B-40F0-8A08-825FD44EA5F4}.Debug|Any CPU.ActiveCfg = Debug|Any CPU
		{E63F82D9-C02B-40F0-8A08-825FD44EA5F4}.Debug|Any CPU.Build.0 = Debug|Any CPU
		{E63F82D9-C02B-40F0-8A08-825FD44EA5F4}.Release|Any CPU.ActiveCfg = Release|Any CPU
		{E63F82D9-C02B-40F0-8A08-825FD44EA5F4}.Release|Any CPU.Build.0 = Release|Any CPU
		{C778DBF4-ABA7-41BE-AF75-5FB5CD40797C}.Debug|Any CPU.ActiveCfg = Debug|Any CPU
		{C778DBF4-ABA7-41BE-AF75-5FB5CD40797C}.Debug|Any CPU.Build.0 = Debug|Any CPU
		{C778DBF4-ABA7-41BE-AF75-5FB5CD40797C}.Release|Any CPU.ActiveCfg = Release|Any CPU
		{C778DBF4-ABA7-41BE-AF75-5FB5CD40797C}.Release|Any CPU.Build.0 = Release|Any CPU
		{884FF635-61E4-436F-8231-0BF5AC3221DA}.Debug|Any CPU.ActiveCfg = Debug|Any CPU
		{884FF635-61E4-436F-8231-0BF5AC3221DA}.Debug|Any CPU.Build.0 = Debug|Any CPU
		{884FF635-61E4-436F-8231-0BF5AC3221DA}.Release|Any CPU.ActiveCfg = Release|Any CPU
		{884FF635-61E4-436F-8231-0BF5AC3221DA}.Release|Any CPU.Build.0 = Release|Any CPU
		{8459E5C6-340E-4560-B86C-0D29BCBF7A3E}.Debug|Any CPU.ActiveCfg = Debug|Any CPU
		{8459E5C6-340E-4560-B86C-0D29BCBF7A3E}.Debug|Any CPU.Build.0 = Debug|Any CPU
		{8459E5C6-340E-4560-B86C-0D29BCBF7A3E}.Release|Any CPU.ActiveCfg = Release|Any CPU
		{8459E5C6-340E-4560-B86C-0D29BCBF7A3E}.Release|Any CPU.Build.0 = Release|Any CPU
	EndGlobalSection
	GlobalSection(SolutionProperties) = preSolution
		HideSolutionNode = FALSE
	EndGlobalSection
	GlobalSection(NestedProjects) = preSolution
		{E25272E9-703B-4495-9CCB-6EFAE1FCB083} = {04680017-340E-4BAB-AFC2-DA3358141384}
		{912B2461-EF6C-4303-8AA0-4E0DA7DF648D} = {04680017-340E-4BAB-AFC2-DA3358141384}
		{C202106B-958A-401D-97AA-125AC3B880DA} = {91D64E0B-439C-49BF-865B-063A727831ED}
		{476FE72F-98CE-4D94-9871-FB84C9C2C6C1} = {91D64E0B-439C-49BF-865B-063A727831ED}
		{0B8E46B7-C18A-4C20-9507-77C56AFDFAB6} = {AE625C66-299C-462B-8C62-D62ECA852DFB}
		{AA554466-EBE8-422D-BA9A-7CBAEA64927F} = {AE625C66-299C-462B-8C62-D62ECA852DFB}
		{E63F82D9-C02B-40F0-8A08-825FD44EA5F4} = {AE625C66-299C-462B-8C62-D62ECA852DFB}
		{C778DBF4-ABA7-41BE-AF75-5FB5CD40797C} = {95164A72-4948-4EB5-A2FE-5559AE3F749F}
		{884FF635-61E4-436F-8231-0BF5AC3221DA} = {95164A72-4948-4EB5-A2FE-5559AE3F749F}
	EndGlobalSection
	GlobalSection(ExtensibilityGlobals) = postSolution
		SolutionGuid = {8650BDD3-D4CB-4418-9639-64EFF9B54DDD}
	EndGlobalSection
EndGlobal
